// !$*UTF8*$!
{
	archiveVersion = 1;
	classes = {
	};
	objectVersion = 51;
	objects = {

/* Begin PBXBuildFile section */
		17A4CEDD9DA4711521A132A4 /* Pods_GoogleMapTests.framework in Frameworks */ = {isa = PBXBuildFile; fileRef = A898DF6E39E22C29BDEFEA52 /* Pods_GoogleMapTests.framework */; };
		1F6AA3DD26931C9700849C65 /* AppDelegate.swift in Sources */ = {isa = PBXBuildFile; fileRef = 1F6AA3DC26931C9700849C65 /* AppDelegate.swift */; };
		1F6AA3DF26931C9700849C65 /* SceneDelegate.swift in Sources */ = {isa = PBXBuildFile; fileRef = 1F6AA3DE26931C9700849C65 /* SceneDelegate.swift */; };
		1F6AA3E126931C9700849C65 /* ViewController.swift in Sources */ = {isa = PBXBuildFile; fileRef = 1F6AA3E026931C9700849C65 /* ViewController.swift */; };
		1F6AA3E426931C9700849C65 /* Main.storyboard in Resources */ = {isa = PBXBuildFile; fileRef = 1F6AA3E226931C9700849C65 /* Main.storyboard */; };
		1F6AA3E626931C9A00849C65 /* Assets.xcassets in Resources */ = {isa = PBXBuildFile; fileRef = 1F6AA3E526931C9A00849C65 /* Assets.xcassets */; };
		1F6AA3E926931C9A00849C65 /* LaunchScreen.storyboard in Resources */ = {isa = PBXBuildFile; fileRef = 1F6AA3E726931C9A00849C65 /* LaunchScreen.storyboard */; };
		1F6AA3F426931C9A00849C65 /* GoogleMapTests.swift in Sources */ = {isa = PBXBuildFile; fileRef = 1F6AA3F326931C9A00849C65 /* GoogleMapTests.swift */; };
		1F6AA3FF26931C9A00849C65 /* GoogleMapUITests.swift in Sources */ = {isa = PBXBuildFile; fileRef = 1F6AA3FE26931C9A00849C65 /* GoogleMapUITests.swift */; };
		1F825DFC26FF0B400069054C /* MapViewController.swift in Sources */ = {isa = PBXBuildFile; fileRef = 1F825DFB26FF0B400069054C /* MapViewController.swift */; };
		3871AE10E9942836B2939CCF /* Pods_GoogleMap.framework in Frameworks */ = {isa = PBXBuildFile; fileRef = FDE94DAFE604B988E076F706 /* Pods_GoogleMap.framework */; };
		982F3CC04BCD8FB614174D0E /* Pods_GoogleMap_GoogleMapUITests.framework in Frameworks */ = {isa = PBXBuildFile; fileRef = 4A644408BFAC7E93CA8E7A00 /* Pods_GoogleMap_GoogleMapUITests.framework */; };
/* End PBXBuildFile section */

/* Begin PBXContainerItemProxy section */
		1F6AA3F026931C9A00849C65 /* PBXContainerItemProxy */ = {
			isa = PBXContainerItemProxy;
			containerPortal = 1F6AA3D126931C9700849C65 /* Project object */;
			proxyType = 1;
			remoteGlobalIDString = 1F6AA3D826931C9700849C65;
			remoteInfo = GoogleMap;
		};
		1F6AA3FB26931C9A00849C65 /* PBXContainerItemProxy */ = {
			isa = PBXContainerItemProxy;
			containerPortal = 1F6AA3D126931C9700849C65 /* Project object */;
			proxyType = 1;
			remoteGlobalIDString = 1F6AA3D826931C9700849C65;
			remoteInfo = GoogleMap;
		};
/* End PBXContainerItemProxy section */

/* Begin PBXFileReference section */
		1F6AA3D926931C9700849C65 /* GoogleMap.app */ = {isa = PBXFileReference; explicitFileType = wrapper.application; includeInIndex = 0; path = GoogleMap.app; sourceTree = BUILT_PRODUCTS_DIR; };
		1F6AA3DC26931C9700849C65 /* AppDelegate.swift */ = {isa = PBXFileReference; lastKnownFileType = sourcecode.swift; path = AppDelegate.swift; sourceTree = "<group>"; };
		1F6AA3DE26931C9700849C65 /* SceneDelegate.swift */ = {isa = PBXFileReference; lastKnownFileType = sourcecode.swift; path = SceneDelegate.swift; sourceTree = "<group>"; };
		1F6AA3E026931C9700849C65 /* ViewController.swift */ = {isa = PBXFileReference; lastKnownFileType = sourcecode.swift; path = ViewController.swift; sourceTree = "<group>"; };
		1F6AA3E326931C9700849C65 /* Base */ = {isa = PBXFileReference; lastKnownFileType = file.storyboard; name = Base; path = Base.lproj/Main.storyboard; sourceTree = "<group>"; };
		1F6AA3E526931C9A00849C65 /* Assets.xcassets */ = {isa = PBXFileReference; lastKnownFileType = folder.assetcatalog; path = Assets.xcassets; sourceTree = "<group>"; };
		1F6AA3E826931C9A00849C65 /* Base */ = {isa = PBXFileReference; lastKnownFileType = file.storyboard; name = Base; path = Base.lproj/LaunchScreen.storyboard; sourceTree = "<group>"; };
		1F6AA3EA26931C9A00849C65 /* Info.plist */ = {isa = PBXFileReference; lastKnownFileType = text.plist.xml; path = Info.plist; sourceTree = "<group>"; };
		1F6AA3EF26931C9A00849C65 /* GoogleMapTests.xctest */ = {isa = PBXFileReference; explicitFileType = wrapper.cfbundle; includeInIndex = 0; path = GoogleMapTests.xctest; sourceTree = BUILT_PRODUCTS_DIR; };
		1F6AA3F326931C9A00849C65 /* GoogleMapTests.swift */ = {isa = PBXFileReference; lastKnownFileType = sourcecode.swift; path = GoogleMapTests.swift; sourceTree = "<group>"; };
		1F6AA3F526931C9A00849C65 /* Info.plist */ = {isa = PBXFileReference; lastKnownFileType = text.plist.xml; path = Info.plist; sourceTree = "<group>"; };
		1F6AA3FA26931C9A00849C65 /* GoogleMapUITests.xctest */ = {isa = PBXFileReference; explicitFileType = wrapper.cfbundle; includeInIndex = 0; path = GoogleMapUITests.xctest; sourceTree = BUILT_PRODUCTS_DIR; };
		1F6AA3FE26931C9A00849C65 /* GoogleMapUITests.swift */ = {isa = PBXFileReference; lastKnownFileType = sourcecode.swift; path = GoogleMapUITests.swift; sourceTree = "<group>"; };
		1F6AA40026931C9A00849C65 /* Info.plist */ = {isa = PBXFileReference; lastKnownFileType = text.plist.xml; path = Info.plist; sourceTree = "<group>"; };
		1F825DFB26FF0B400069054C /* MapViewController.swift */ = {isa = PBXFileReference; lastKnownFileType = sourcecode.swift; path = MapViewController.swift; sourceTree = "<group>"; };
		330C19BC00B0DE3E7CF45BA1 /* Pods-GoogleMapTests.release.xcconfig */ = {isa = PBXFileReference; includeInIndex = 1; lastKnownFileType = text.xcconfig; name = "Pods-GoogleMapTests.release.xcconfig"; path = "Target Support Files/Pods-GoogleMapTests/Pods-GoogleMapTests.release.xcconfig"; sourceTree = "<group>"; };
		4A644408BFAC7E93CA8E7A00 /* Pods_GoogleMap_GoogleMapUITests.framework */ = {isa = PBXFileReference; explicitFileType = wrapper.framework; includeInIndex = 0; path = Pods_GoogleMap_GoogleMapUITests.framework; sourceTree = BUILT_PRODUCTS_DIR; };
		5A4723F1FBC442FD777F0C3E /* Pods-GoogleMap.debug.xcconfig */ = {isa = PBXFileReference; includeInIndex = 1; lastKnownFileType = text.xcconfig; name = "Pods-GoogleMap.debug.xcconfig"; path = "Target Support Files/Pods-GoogleMap/Pods-GoogleMap.debug.xcconfig"; sourceTree = "<group>"; };
		6BD807092F43D7AC40C24508 /* Pods-GoogleMap-GoogleMapUITests.debug.xcconfig */ = {isa = PBXFileReference; includeInIndex = 1; lastKnownFileType = text.xcconfig; name = "Pods-GoogleMap-GoogleMapUITests.debug.xcconfig"; path = "Target Support Files/Pods-GoogleMap-GoogleMapUITests/Pods-GoogleMap-GoogleMapUITests.debug.xcconfig"; sourceTree = "<group>"; };
		9E30F7561077CABADB5FCAC6 /* Pods-GoogleMap-GoogleMapUITests.release.xcconfig */ = {isa = PBXFileReference; includeInIndex = 1; lastKnownFileType = text.xcconfig; name = "Pods-GoogleMap-GoogleMapUITests.release.xcconfig"; path = "Target Support Files/Pods-GoogleMap-GoogleMapUITests/Pods-GoogleMap-GoogleMapUITests.release.xcconfig"; sourceTree = "<group>"; };
		A898DF6E39E22C29BDEFEA52 /* Pods_GoogleMapTests.framework */ = {isa = PBXFileReference; explicitFileType = wrapper.framework; includeInIndex = 0; path = Pods_GoogleMapTests.framework; sourceTree = BUILT_PRODUCTS_DIR; };
		ED76D9977E1F95813A687FEB /* Pods-GoogleMapTests.debug.xcconfig */ = {isa = PBXFileReference; includeInIndex = 1; lastKnownFileType = text.xcconfig; name = "Pods-GoogleMapTests.debug.xcconfig"; path = "Target Support Files/Pods-GoogleMapTests/Pods-GoogleMapTests.debug.xcconfig"; sourceTree = "<group>"; };
		EE2C4E65BD883E5E3BBBF94A /* Pods-GoogleMap.release.xcconfig */ = {isa = PBXFileReference; includeInIndex = 1; lastKnownFileType = text.xcconfig; name = "Pods-GoogleMap.release.xcconfig"; path = "Target Support Files/Pods-GoogleMap/Pods-GoogleMap.release.xcconfig"; sourceTree = "<group>"; };
		FDE94DAFE604B988E076F706 /* Pods_GoogleMap.framework */ = {isa = PBXFileReference; explicitFileType = wrapper.framework; includeInIndex = 0; path = Pods_GoogleMap.framework; sourceTree = BUILT_PRODUCTS_DIR; };
/* End PBXFileReference section */

/* Begin PBXFrameworksBuildPhase section */
		1F6AA3D626931C9700849C65 /* Frameworks */ = {
			isa = PBXFrameworksBuildPhase;
			buildActionMask = 2147483647;
			files = (
				3871AE10E9942836B2939CCF /* Pods_GoogleMap.framework in Frameworks */,
			);
			runOnlyForDeploymentPostprocessing = 0;
		};
		1F6AA3EC26931C9A00849C65 /* Frameworks */ = {
			isa = PBXFrameworksBuildPhase;
			buildActionMask = 2147483647;
			files = (
				17A4CEDD9DA4711521A132A4 /* Pods_GoogleMapTests.framework in Frameworks */,
			);
			runOnlyForDeploymentPostprocessing = 0;
		};
		1F6AA3F726931C9A00849C65 /* Frameworks */ = {
			isa = PBXFrameworksBuildPhase;
			buildActionMask = 2147483647;
			files = (
				982F3CC04BCD8FB614174D0E /* Pods_GoogleMap_GoogleMapUITests.framework in Frameworks */,
			);
			runOnlyForDeploymentPostprocessing = 0;
		};
/* End PBXFrameworksBuildPhase section */

/* Begin PBXGroup section */
		1809F6F331360E30AE1099CE /* Pods */ = {
			isa = PBXGroup;
			children = (
				5A4723F1FBC442FD777F0C3E /* Pods-GoogleMap.debug.xcconfig */,
				EE2C4E65BD883E5E3BBBF94A /* Pods-GoogleMap.release.xcconfig */,
				6BD807092F43D7AC40C24508 /* Pods-GoogleMap-GoogleMapUITests.debug.xcconfig */,
				9E30F7561077CABADB5FCAC6 /* Pods-GoogleMap-GoogleMapUITests.release.xcconfig */,
				ED76D9977E1F95813A687FEB /* Pods-GoogleMapTests.debug.xcconfig */,
				330C19BC00B0DE3E7CF45BA1 /* Pods-GoogleMapTests.release.xcconfig */,
			);
			path = Pods;
			sourceTree = "<group>";
		};
		1F6AA3D026931C9700849C65 = {
			isa = PBXGroup;
			children = (
				1F6AA3DB26931C9700849C65 /* GoogleMap */,
				1F6AA3F226931C9A00849C65 /* GoogleMapTests */,
				1F6AA3FD26931C9A00849C65 /* GoogleMapUITests */,
				1F6AA3DA26931C9700849C65 /* Products */,
				1809F6F331360E30AE1099CE /* Pods */,
				6C86BE29F984F801F1778BA0 /* Frameworks */,
			);
			sourceTree = "<group>";
		};
		1F6AA3DA26931C9700849C65 /* Products */ = {
			isa = PBXGroup;
			children = (
				1F6AA3D926931C9700849C65 /* GoogleMap.app */,
				1F6AA3EF26931C9A00849C65 /* GoogleMapTests.xctest */,
				1F6AA3FA26931C9A00849C65 /* GoogleMapUITests.xctest */,
			);
			name = Products;
			sourceTree = "<group>";
		};
		1F6AA3DB26931C9700849C65 /* GoogleMap */ = {
			isa = PBXGroup;
			children = (
				1F6AA3DC26931C9700849C65 /* AppDelegate.swift */,
				1F6AA3DE26931C9700849C65 /* SceneDelegate.swift */,
				1F6AA3E026931C9700849C65 /* ViewController.swift */,
				1F825DFB26FF0B400069054C /* MapViewController.swift */,
				1F6AA3E226931C9700849C65 /* Main.storyboard */,
				1F6AA3E526931C9A00849C65 /* Assets.xcassets */,
				1F6AA3E726931C9A00849C65 /* LaunchScreen.storyboard */,
				1F6AA3EA26931C9A00849C65 /* Info.plist */,
			);
			path = GoogleMap;
			sourceTree = "<group>";
		};
		1F6AA3F226931C9A00849C65 /* GoogleMapTests */ = {
			isa = PBXGroup;
			children = (
				1F6AA3F326931C9A00849C65 /* GoogleMapTests.swift */,
				1F6AA3F526931C9A00849C65 /* Info.plist */,
			);
			path = GoogleMapTests;
			sourceTree = "<group>";
		};
		1F6AA3FD26931C9A00849C65 /* GoogleMapUITests */ = {
			isa = PBXGroup;
			children = (
				1F6AA3FE26931C9A00849C65 /* GoogleMapUITests.swift */,
				1F6AA40026931C9A00849C65 /* Info.plist */,
			);
			path = GoogleMapUITests;
			sourceTree = "<group>";
		};
		6C86BE29F984F801F1778BA0 /* Frameworks */ = {
			isa = PBXGroup;
			children = (
				FDE94DAFE604B988E076F706 /* Pods_GoogleMap.framework */,
				4A644408BFAC7E93CA8E7A00 /* Pods_GoogleMap_GoogleMapUITests.framework */,
				A898DF6E39E22C29BDEFEA52 /* Pods_GoogleMapTests.framework */,
			);
			name = Frameworks;
			sourceTree = "<group>";
		};
/* End PBXGroup section */

/* Begin PBXNativeTarget section */
		1F6AA3D826931C9700849C65 /* GoogleMap */ = {
			isa = PBXNativeTarget;
			buildConfigurationList = 1F6AA40326931C9A00849C65 /* Build configuration list for PBXNativeTarget "GoogleMap" */;
			buildPhases = (
				EDD952AD2F9D1AA611B6AB93 /* [CP] Check Pods Manifest.lock */,
				1F6AA3D526931C9700849C65 /* Sources */,
				1F6AA3D626931C9700849C65 /* Frameworks */,
				1F6AA3D726931C9700849C65 /* Resources */,
				98535F81EAAC0720A90D9EDC /* [CP] Copy Pods Resources */,
			);
			buildRules = (
			);
			dependencies = (
			);
			name = GoogleMap;
			productName = GoogleMap;
			productReference = 1F6AA3D926931C9700849C65 /* GoogleMap.app */;
			productType = "com.apple.product-type.application";
		};
		1F6AA3EE26931C9A00849C65 /* GoogleMapTests */ = {
			isa = PBXNativeTarget;
			buildConfigurationList = 1F6AA40626931C9A00849C65 /* Build configuration list for PBXNativeTarget "GoogleMapTests" */;
			buildPhases = (
				FA82C0E1D37565619B412CE8 /* [CP] Check Pods Manifest.lock */,
				1F6AA3EB26931C9A00849C65 /* Sources */,
				1F6AA3EC26931C9A00849C65 /* Frameworks */,
				1F6AA3ED26931C9A00849C65 /* Resources */,
			);
			buildRules = (
			);
			dependencies = (
				1F6AA3F126931C9A00849C65 /* PBXTargetDependency */,
			);
			name = GoogleMapTests;
			productName = GoogleMapTests;
			productReference = 1F6AA3EF26931C9A00849C65 /* GoogleMapTests.xctest */;
			productType = "com.apple.product-type.bundle.unit-test";
		};
		1F6AA3F926931C9A00849C65 /* GoogleMapUITests */ = {
			isa = PBXNativeTarget;
			buildConfigurationList = 1F6AA40926931C9A00849C65 /* Build configuration list for PBXNativeTarget "GoogleMapUITests" */;
			buildPhases = (
				DA28573B045F7D9BD2ED6CF0 /* [CP] Check Pods Manifest.lock */,
				1F6AA3F626931C9A00849C65 /* Sources */,
				1F6AA3F726931C9A00849C65 /* Frameworks */,
				1F6AA3F826931C9A00849C65 /* Resources */,
				C1FB773D19A785DA859FC838 /* [CP] Copy Pods Resources */,
			);
			buildRules = (
			);
			dependencies = (
				1F6AA3FC26931C9A00849C65 /* PBXTargetDependency */,
			);
			name = GoogleMapUITests;
			productName = GoogleMapUITests;
			productReference = 1F6AA3FA26931C9A00849C65 /* GoogleMapUITests.xctest */;
			productType = "com.apple.product-type.bundle.ui-testing";
		};
/* End PBXNativeTarget section */

/* Begin PBXProject section */
		1F6AA3D126931C9700849C65 /* Project object */ = {
			isa = PBXProject;
			attributes = {
				LastSwiftUpdateCheck = 1250;
				LastUpgradeCheck = 1250;
				TargetAttributes = {
					1F6AA3D826931C9700849C65 = {
						CreatedOnToolsVersion = 12.5.1;
					};
					1F6AA3EE26931C9A00849C65 = {
						CreatedOnToolsVersion = 12.5.1;
						TestTargetID = 1F6AA3D826931C9700849C65;
					};
					1F6AA3F926931C9A00849C65 = {
						CreatedOnToolsVersion = 12.5.1;
						TestTargetID = 1F6AA3D826931C9700849C65;
					};
				};
			};
			buildConfigurationList = 1F6AA3D426931C9700849C65 /* Build configuration list for PBXProject "GoogleMap" */;
			compatibilityVersion = "Xcode 9.3";
			developmentRegion = en;
			hasScannedForEncodings = 0;
			knownRegions = (
				en,
				Base,
			);
			mainGroup = 1F6AA3D026931C9700849C65;
			productRefGroup = 1F6AA3DA26931C9700849C65 /* Products */;
			projectDirPath = "";
			projectRoot = "";
			targets = (
				1F6AA3D826931C9700849C65 /* GoogleMap */,
				1F6AA3EE26931C9A00849C65 /* GoogleMapTests */,
				1F6AA3F926931C9A00849C65 /* GoogleMapUITests */,
			);
		};
/* End PBXProject section */

/* Begin PBXResourcesBuildPhase section */
		1F6AA3D726931C9700849C65 /* Resources */ = {
			isa = PBXResourcesBuildPhase;
			buildActionMask = 2147483647;
			files = (
				1F6AA3E926931C9A00849C65 /* LaunchScreen.storyboard in Resources */,
				1F6AA3E626931C9A00849C65 /* Assets.xcassets in Resources */,
				1F6AA3E426931C9700849C65 /* Main.storyboard in Resources */,
			);
			runOnlyForDeploymentPostprocessing = 0;
		};
		1F6AA3ED26931C9A00849C65 /* Resources */ = {
			isa = PBXResourcesBuildPhase;
			buildActionMask = 2147483647;
			files = (
			);
			runOnlyForDeploymentPostprocessing = 0;
		};
		1F6AA3F826931C9A00849C65 /* Resources */ = {
			isa = PBXResourcesBuildPhase;
			buildActionMask = 2147483647;
			files = (
			);
			runOnlyForDeploymentPostprocessing = 0;
		};
/* End PBXResourcesBuildPhase section */

/* Begin PBXShellScriptBuildPhase section */
		98535F81EAAC0720A90D9EDC /* [CP] Copy Pods Resources */ = {
			isa = PBXShellScriptBuildPhase;
			buildActionMask = 2147483647;
			files = (
			);
			inputFileListPaths = (
				"${PODS_ROOT}/Target Support Files/Pods-GoogleMap/Pods-GoogleMap-resources-${CONFIGURATION}-input-files.xcfilelist",
			);
			name = "[CP] Copy Pods Resources";
			outputFileListPaths = (
				"${PODS_ROOT}/Target Support Files/Pods-GoogleMap/Pods-GoogleMap-resources-${CONFIGURATION}-output-files.xcfilelist",
			);
			runOnlyForDeploymentPostprocessing = 0;
			shellPath = /bin/sh;
			shellScript = "\"${PODS_ROOT}/Target Support Files/Pods-GoogleMap/Pods-GoogleMap-resources.sh\"\n";
			showEnvVarsInLog = 0;
		};
		C1FB773D19A785DA859FC838 /* [CP] Copy Pods Resources */ = {
			isa = PBXShellScriptBuildPhase;
			buildActionMask = 2147483647;
			files = (
			);
			inputFileListPaths = (
				"${PODS_ROOT}/Target Support Files/Pods-GoogleMap-GoogleMapUITests/Pods-GoogleMap-GoogleMapUITests-resources-${CONFIGURATION}-input-files.xcfilelist",
			);
			name = "[CP] Copy Pods Resources";
			outputFileListPaths = (
				"${PODS_ROOT}/Target Support Files/Pods-GoogleMap-GoogleMapUITests/Pods-GoogleMap-GoogleMapUITests-resources-${CONFIGURATION}-output-files.xcfilelist",
			);
			runOnlyForDeploymentPostprocessing = 0;
			shellPath = /bin/sh;
			shellScript = "\"${PODS_ROOT}/Target Support Files/Pods-GoogleMap-GoogleMapUITests/Pods-GoogleMap-GoogleMapUITests-resources.sh\"\n";
			showEnvVarsInLog = 0;
		};
		DA28573B045F7D9BD2ED6CF0 /* [CP] Check Pods Manifest.lock */ = {
			isa = PBXShellScriptBuildPhase;
			buildActionMask = 2147483647;
			files = (
			);
			inputFileListPaths = (
			);
			inputPaths = (
				"${PODS_PODFILE_DIR_PATH}/Podfile.lock",
				"${PODS_ROOT}/Manifest.lock",
			);
			name = "[CP] Check Pods Manifest.lock";
			outputFileListPaths = (
			);
			outputPaths = (
				"$(DERIVED_FILE_DIR)/Pods-GoogleMap-GoogleMapUITests-checkManifestLockResult.txt",
			);
			runOnlyForDeploymentPostprocessing = 0;
			shellPath = /bin/sh;
			shellScript = "diff \"${PODS_PODFILE_DIR_PATH}/Podfile.lock\" \"${PODS_ROOT}/Manifest.lock\" > /dev/null\nif [ $? != 0 ] ; then\n    # print error to STDERR\n    echo \"error: The sandbox is not in sync with the Podfile.lock. Run 'pod install' or update your CocoaPods installation.\" >&2\n    exit 1\nfi\n# This output is used by Xcode 'outputs' to avoid re-running this script phase.\necho \"SUCCESS\" > \"${SCRIPT_OUTPUT_FILE_0}\"\n";
			showEnvVarsInLog = 0;
		};
		EDD952AD2F9D1AA611B6AB93 /* [CP] Check Pods Manifest.lock */ = {
			isa = PBXShellScriptBuildPhase;
			buildActionMask = 2147483647;
			files = (
			);
			inputFileListPaths = (
			);
			inputPaths = (
				"${PODS_PODFILE_DIR_PATH}/Podfile.lock",
				"${PODS_ROOT}/Manifest.lock",
			);
			name = "[CP] Check Pods Manifest.lock";
			outputFileListPaths = (
			);
			outputPaths = (
				"$(DERIVED_FILE_DIR)/Pods-GoogleMap-checkManifestLockResult.txt",
			);
			runOnlyForDeploymentPostprocessing = 0;
			shellPath = /bin/sh;
			shellScript = "diff \"${PODS_PODFILE_DIR_PATH}/Podfile.lock\" \"${PODS_ROOT}/Manifest.lock\" > /dev/null\nif [ $? != 0 ] ; then\n    # print error to STDERR\n    echo \"error: The sandbox is not in sync with the Podfile.lock. Run 'pod install' or update your CocoaPods installation.\" >&2\n    exit 1\nfi\n# This output is used by Xcode 'outputs' to avoid re-running this script phase.\necho \"SUCCESS\" > \"${SCRIPT_OUTPUT_FILE_0}\"\n";
			showEnvVarsInLog = 0;
		};
		FA82C0E1D37565619B412CE8 /* [CP] Check Pods Manifest.lock */ = {
			isa = PBXShellScriptBuildPhase;
			buildActionMask = 2147483647;
			files = (
			);
			inputFileListPaths = (
			);
			inputPaths = (
				"${PODS_PODFILE_DIR_PATH}/Podfile.lock",
				"${PODS_ROOT}/Manifest.lock",
			);
			name = "[CP] Check Pods Manifest.lock";
			outputFileListPaths = (
			);
			outputPaths = (
				"$(DERIVED_FILE_DIR)/Pods-GoogleMapTests-checkManifestLockResult.txt",
			);
			runOnlyForDeploymentPostprocessing = 0;
			shellPath = /bin/sh;
			shellScript = "diff \"${PODS_PODFILE_DIR_PATH}/Podfile.lock\" \"${PODS_ROOT}/Manifest.lock\" > /dev/null\nif [ $? != 0 ] ; then\n    # print error to STDERR\n    echo \"error: The sandbox is not in sync with the Podfile.lock. Run 'pod install' or update your CocoaPods installation.\" >&2\n    exit 1\nfi\n# This output is used by Xcode 'outputs' to avoid re-running this script phase.\necho \"SUCCESS\" > \"${SCRIPT_OUTPUT_FILE_0}\"\n";
			showEnvVarsInLog = 0;
		};
/* End PBXShellScriptBuildPhase section */

/* Begin PBXSourcesBuildPhase section */
		1F6AA3D526931C9700849C65 /* Sources */ = {
			isa = PBXSourcesBuildPhase;
			buildActionMask = 2147483647;
			files = (
				1F6AA3E126931C9700849C65 /* ViewController.swift in Sources */,
				1F6AA3DD26931C9700849C65 /* AppDelegate.swift in Sources */,
				1F6AA3DF26931C9700849C65 /* SceneDelegate.swift in Sources */,
				1F825DFC26FF0B400069054C /* MapViewController.swift in Sources */,
			);
			runOnlyForDeploymentPostprocessing = 0;
		};
		1F6AA3EB26931C9A00849C65 /* Sources */ = {
			isa = PBXSourcesBuildPhase;
			buildActionMask = 2147483647;
			files = (
				1F6AA3F426931C9A00849C65 /* GoogleMapTests.swift in Sources */,
			);
			runOnlyForDeploymentPostprocessing = 0;
		};
		1F6AA3F626931C9A00849C65 /* Sources */ = {
			isa = PBXSourcesBuildPhase;
			buildActionMask = 2147483647;
			files = (
				1F6AA3FF26931C9A00849C65 /* GoogleMapUITests.swift in Sources */,
			);
			runOnlyForDeploymentPostprocessing = 0;
		};
/* End PBXSourcesBuildPhase section */

/* Begin PBXTargetDependency section */
		1F6AA3F126931C9A00849C65 /* PBXTargetDependency */ = {
			isa = PBXTargetDependency;
			target = 1F6AA3D826931C9700849C65 /* GoogleMap */;
			targetProxy = 1F6AA3F026931C9A00849C65 /* PBXContainerItemProxy */;
		};
		1F6AA3FC26931C9A00849C65 /* PBXTargetDependency */ = {
			isa = PBXTargetDependency;
			target = 1F6AA3D826931C9700849C65 /* GoogleMap */;
			targetProxy = 1F6AA3FB26931C9A00849C65 /* PBXContainerItemProxy */;
		};
/* End PBXTargetDependency section */

/* Begin PBXVariantGroup section */
		1F6AA3E226931C9700849C65 /* Main.storyboard */ = {
			isa = PBXVariantGroup;
			children = (
				1F6AA3E326931C9700849C65 /* Base */,
			);
			name = Main.storyboard;
			sourceTree = "<group>";
		};
		1F6AA3E726931C9A00849C65 /* LaunchScreen.storyboard */ = {
			isa = PBXVariantGroup;
			children = (
				1F6AA3E826931C9A00849C65 /* Base */,
			);
			name = LaunchScreen.storyboard;
			sourceTree = "<group>";
		};
/* End PBXVariantGroup section */

/* Begin XCBuildConfiguration section */
		1F6AA40126931C9A00849C65 /* Debug */ = {
			isa = XCBuildConfiguration;
			buildSettings = {
				ALWAYS_SEARCH_USER_PATHS = NO;
				CLANG_ANALYZER_NONNULL = YES;
				CLANG_ANALYZER_NUMBER_OBJECT_CONVERSION = YES_AGGRESSIVE;
				CLANG_CXX_LANGUAGE_STANDARD = "gnu++14";
				CLANG_CXX_LIBRARY = "libc++";
				CLANG_ENABLE_MODULES = YES;
				CLANG_ENABLE_OBJC_ARC = YES;
				CLANG_ENABLE_OBJC_WEAK = YES;
				CLANG_WARN_BLOCK_CAPTURE_AUTORELEASING = YES;
				CLANG_WARN_BOOL_CONVERSION = YES;
				CLANG_WARN_COMMA = YES;
				CLANG_WARN_CONSTANT_CONVERSION = YES;
				CLANG_WARN_DEPRECATED_OBJC_IMPLEMENTATIONS = YES;
				CLANG_WARN_DIRECT_OBJC_ISA_USAGE = YES_ERROR;
				CLANG_WARN_DOCUMENTATION_COMMENTS = YES;
				CLANG_WARN_EMPTY_BODY = YES;
				CLANG_WARN_ENUM_CONVERSION = YES;
				CLANG_WARN_INFINITE_RECURSION = YES;
				CLANG_WARN_INT_CONVERSION = YES;
				CLANG_WARN_NON_LITERAL_NULL_CONVERSION = YES;
				CLANG_WARN_OBJC_IMPLICIT_RETAIN_SELF = YES;
				CLANG_WARN_OBJC_LITERAL_CONVERSION = YES;
				CLANG_WARN_OBJC_ROOT_CLASS = YES_ERROR;
				CLANG_WARN_QUOTED_INCLUDE_IN_FRAMEWORK_HEADER = YES;
				CLANG_WARN_RANGE_LOOP_ANALYSIS = YES;
				CLANG_WARN_STRICT_PROTOTYPES = YES;
				CLANG_WARN_SUSPICIOUS_MOVE = YES;
				CLANG_WARN_UNGUARDED_AVAILABILITY = YES_AGGRESSIVE;
				CLANG_WARN_UNREACHABLE_CODE = YES;
				CLANG_WARN__DUPLICATE_METHOD_MATCH = YES;
				COPY_PHASE_STRIP = NO;
				DEBUG_INFORMATION_FORMAT = dwarf;
				ENABLE_STRICT_OBJC_MSGSEND = YES;
				ENABLE_TESTABILITY = YES;
				GCC_C_LANGUAGE_STANDARD = gnu11;
				GCC_DYNAMIC_NO_PIC = NO;
				GCC_NO_COMMON_BLOCKS = YES;
				GCC_OPTIMIZATION_LEVEL = 0;
				GCC_PREPROCESSOR_DEFINITIONS = (
					"DEBUG=1",
					"$(inherited)",
				);
				GCC_WARN_64_TO_32_BIT_CONVERSION = YES;
				GCC_WARN_ABOUT_RETURN_TYPE = YES_ERROR;
				GCC_WARN_UNDECLARED_SELECTOR = YES;
				GCC_WARN_UNINITIALIZED_AUTOS = YES_AGGRESSIVE;
				GCC_WARN_UNUSED_FUNCTION = YES;
				GCC_WARN_UNUSED_VARIABLE = YES;
				IPHONEOS_DEPLOYMENT_TARGET = 14.5;
				MTL_ENABLE_DEBUG_INFO = INCLUDE_SOURCE;
				MTL_FAST_MATH = YES;
				ONLY_ACTIVE_ARCH = YES;
				SDKROOT = iphoneos;
				SWIFT_ACTIVE_COMPILATION_CONDITIONS = DEBUG;
				SWIFT_OPTIMIZATION_LEVEL = "-Onone";
			};
			name = Debug;
		};
		1F6AA40226931C9A00849C65 /* Release */ = {
			isa = XCBuildConfiguration;
			buildSettings = {
				ALWAYS_SEARCH_USER_PATHS = NO;
				CLANG_ANALYZER_NONNULL = YES;
				CLANG_ANALYZER_NUMBER_OBJECT_CONVERSION = YES_AGGRESSIVE;
				CLANG_CXX_LANGUAGE_STANDARD = "gnu++14";
				CLANG_CXX_LIBRARY = "libc++";
				CLANG_ENABLE_MODULES = YES;
				CLANG_ENABLE_OBJC_ARC = YES;
				CLANG_ENABLE_OBJC_WEAK = YES;
				CLANG_WARN_BLOCK_CAPTURE_AUTORELEASING = YES;
				CLANG_WARN_BOOL_CONVERSION = YES;
				CLANG_WARN_COMMA = YES;
				CLANG_WARN_CONSTANT_CONVERSION = YES;
				CLANG_WARN_DEPRECATED_OBJC_IMPLEMENTATIONS = YES;
				CLANG_WARN_DIRECT_OBJC_ISA_USAGE = YES_ERROR;
				CLANG_WARN_DOCUMENTATION_COMMENTS = YES;
				CLANG_WARN_EMPTY_BODY = YES;
				CLANG_WARN_ENUM_CONVERSION = YES;
				CLANG_WARN_INFINITE_RECURSION = YES;
				CLANG_WARN_INT_CONVERSION = YES;
				CLANG_WARN_NON_LITERAL_NULL_CONVERSION = YES;
				CLANG_WARN_OBJC_IMPLICIT_RETAIN_SELF = YES;
				CLANG_WARN_OBJC_LITERAL_CONVERSION = YES;
				CLANG_WARN_OBJC_ROOT_CLASS = YES_ERROR;
				CLANG_WARN_QUOTED_INCLUDE_IN_FRAMEWORK_HEADER = YES;
				CLANG_WARN_RANGE_LOOP_ANALYSIS = YES;
				CLANG_WARN_STRICT_PROTOTYPES = YES;
				CLANG_WARN_SUSPICIOUS_MOVE = YES;
				CLANG_WARN_UNGUARDED_AVAILABILITY = YES_AGGRESSIVE;
				CLANG_WARN_UNREACHABLE_CODE = YES;
				CLANG_WARN__DUPLICATE_METHOD_MATCH = YES;
				COPY_PHASE_STRIP = NO;
				DEBUG_INFORMATION_FORMAT = "dwarf-with-dsym";
				ENABLE_NS_ASSERTIONS = NO;
				ENABLE_STRICT_OBJC_MSGSEND = YES;
				GCC_C_LANGUAGE_STANDARD = gnu11;
				GCC_NO_COMMON_BLOCKS = YES;
				GCC_WARN_64_TO_32_BIT_CONVERSION = YES;
				GCC_WARN_ABOUT_RETURN_TYPE = YES_ERROR;
				GCC_WARN_UNDECLARED_SELECTOR = YES;
				GCC_WARN_UNINITIALIZED_AUTOS = YES_AGGRESSIVE;
				GCC_WARN_UNUSED_FUNCTION = YES;
				GCC_WARN_UNUSED_VARIABLE = YES;
				IPHONEOS_DEPLOYMENT_TARGET = 14.5;
				MTL_ENABLE_DEBUG_INFO = NO;
				MTL_FAST_MATH = YES;
				SDKROOT = iphoneos;
				SWIFT_COMPILATION_MODE = wholemodule;
				SWIFT_OPTIMIZATION_LEVEL = "-O";
				VALIDATE_PRODUCT = YES;
			};
			name = Release;
		};
		1F6AA40426931C9A00849C65 /* Debug */ = {
			isa = XCBuildConfiguration;
			baseConfigurationReference = 5A4723F1FBC442FD777F0C3E /* Pods-GoogleMap.debug.xcconfig */;
			buildSettings = {
				ASSETCATALOG_COMPILER_APPICON_NAME = AppIcon;
				ASSETCATALOG_COMPILER_GLOBAL_ACCENT_COLOR_NAME = AccentColor;
				CODE_SIGN_STYLE = Automatic;
				DEVELOPMENT_TEAM = 939YVKTKUP;
				INFOPLIST_FILE = GoogleMap/Info.plist;
				IPHONEOS_DEPLOYMENT_TARGET = 15.0;
				LD_RUNPATH_SEARCH_PATHS = (
					"$(inherited)",
					"@executable_path/Frameworks",
				);
				PRODUCT_BUNDLE_IDENTIFIER = tomoki.hoshikawa.jp.GoogleMap;
				PRODUCT_NAME = "$(TARGET_NAME)";
				SWIFT_VERSION = 5.0;
				TARGETED_DEVICE_FAMILY = "1,2";
			};
			name = Debug;
		};
		1F6AA40526931C9A00849C65 /* Release */ = {
			isa = XCBuildConfiguration;
			baseConfigurationReference = EE2C4E65BD883E5E3BBBF94A /* Pods-GoogleMap.release.xcconfig */;
			buildSettings = {
				ASSETCATALOG_COMPILER_APPICON_NAME = AppIcon;
				ASSETCATALOG_COMPILER_GLOBAL_ACCENT_COLOR_NAME = AccentColor;
				CODE_SIGN_STYLE = Automatic;
				DEVELOPMENT_TEAM = 939YVKTKUP;
				INFOPLIST_FILE = GoogleMap/Info.plist;
				IPHONEOS_DEPLOYMENT_TARGET = 15.0;
				LD_RUNPATH_SEARCH_PATHS = (
					"$(inherited)",
					"@executable_path/Frameworks",
				);
				PRODUCT_BUNDLE_IDENTIFIER = tomoki.hoshikawa.jp.GoogleMap;
				PRODUCT_NAME = "$(TARGET_NAME)";
				SWIFT_VERSION = 5.0;
				TARGETED_DEVICE_FAMILY = "1,2";
			};
			name = Release;
		};
		1F6AA40726931C9A00849C65 /* Debug */ = {
			isa = XCBuildConfiguration;
			baseConfigurationReference = ED76D9977E1F95813A687FEB /* Pods-GoogleMapTests.debug.xcconfig */;
			buildSettings = {
				ALWAYS_EMBED_SWIFT_STANDARD_LIBRARIES = YES;
				BUNDLE_LOADER = "$(TEST_HOST)";
				CODE_SIGN_STYLE = Automatic;
				DEVELOPMENT_TEAM = 939YVKTKUP;
				INFOPLIST_FILE = GoogleMapTests/Info.plist;
				IPHONEOS_DEPLOYMENT_TARGET = 14.5;
				LD_RUNPATH_SEARCH_PATHS = (
					"$(inherited)",
					"@executable_path/Frameworks",
					"@loader_path/Frameworks",
				);
				PRODUCT_BUNDLE_IDENTIFIER = tomoki.hoshikawa.jp.GoogleMapTests;
				PRODUCT_NAME = "$(TARGET_NAME)";
				SWIFT_VERSION = 5.0;
				TARGETED_DEVICE_FAMILY = "1,2";
				TEST_HOST = "$(BUILT_PRODUCTS_DIR)/GoogleMap.app/GoogleMap";
			};
			name = Debug;
		};
		1F6AA40826931C9A00849C65 /* Release */ = {
			isa = XCBuildConfiguration;
			baseConfigurationReference = 330C19BC00B0DE3E7CF45BA1 /* Pods-GoogleMapTests.release.xcconfig */;
			buildSettings = {
				ALWAYS_EMBED_SWIFT_STANDARD_LIBRARIES = YES;
				BUNDLE_LOADER = "$(TEST_HOST)";
				CODE_SIGN_STYLE = Automatic;
				DEVELOPMENT_TEAM = 939YVKTKUP;
				INFOPLIST_FILE = GoogleMapTests/Info.plist;
				IPHONEOS_DEPLOYMENT_TARGET = 14.5;
				LD_RUNPATH_SEARCH_PATHS = (
					"$(inherited)",
					"@executable_path/Frameworks",
					"@loader_path/Frameworks",
				);
				PRODUCT_BUNDLE_IDENTIFIER = tomoki.hoshikawa.jp.GoogleMapTests;
				PRODUCT_NAME = "$(TARGET_NAME)";
				SWIFT_VERSION = 5.0;
				TARGETED_DEVICE_FAMILY = "1,2";
				TEST_HOST = "$(BUILT_PRODUCTS_DIR)/GoogleMap.app/GoogleMap";
			};
			name = Release;
		};
		1F6AA40A26931C9A00849C65 /* Debug */ = {
			isa = XCBuildConfiguration;
			baseConfigurationReference = 6BD807092F43D7AC40C24508 /* Pods-GoogleMap-GoogleMapUITests.debug.xcconfig */;
			buildSettings = {
				ALWAYS_EMBED_SWIFT_STANDARD_LIBRARIES = YES;
				CODE_SIGN_STYLE = Automatic;
				DEVELOPMENT_TEAM = 939YVKTKUP;
				INFOPLIST_FILE = GoogleMapUITests/Info.plist;
				LD_RUNPATH_SEARCH_PATHS = (
					"$(inherited)",
					"@executable_path/Frameworks",
					"@loader_path/Frameworks",
				);
				PRODUCT_BUNDLE_IDENTIFIER = tomoki.hoshikawa.jp.GoogleMapUITests;
				PRODUCT_NAME = "$(TARGET_NAME)";
				SWIFT_VERSION = 5.0;
				TARGETED_DEVICE_FAMILY = "1,2";
				TEST_TARGET_NAME = GoogleMap;
			};
			name = Debug;
		};
		1F6AA40B26931C9A00849C65 /* Release */ = {
			isa = XCBuildConfiguration;
			baseConfigurationReference = 9E30F7561077CABADB5FCAC6 /* Pods-GoogleMap-GoogleMapUITests.release.xcconfig */;
			buildSettings = {
				ALWAYS_EMBED_SWIFT_STANDARD_LIBRARIES = YES;
				CODE_SIGN_STYLE = Automatic;
				DEVELOPMENT_TEAM = 939YVKTKUP;
				INFOPLIST_FILE = GoogleMapUITests/Info.plist;
				LD_RUNPATH_SEARCH_PATHS = (
					"$(inherited)",
					"@executable_path/Frameworks",
					"@loader_path/Frameworks",
				);
				PRODUCT_BUNDLE_IDENTIFIER = tomoki.hoshikawa.jp.GoogleMapUITests;
				PRODUCT_NAME = "$(TARGET_NAME)";
				SWIFT_VERSION = 5.0;
				TARGETED_DEVICE_FAMILY = "1,2";
				TEST_TARGET_NAME = GoogleMap;
			};
			name = Release;
		};
/* End XCBuildConfiguration section */

/* Begin XCConfigurationList section */
		1F6AA3D426931C9700849C65 /* Build configuration list for PBXProject "GoogleMap" */ = {
			isa = XCConfigurationList;
			buildConfigurations = (
				1F6AA40126931C9A00849C65 /* Debug */,
				1F6AA40226931C9A00849C65 /* Release */,
			);
			defaultConfigurationIsVisible = 0;
			defaultConfigurationName = Release;
		};
		1F6AA40326931C9A00849C65 /* Build configuration list for PBXNativeTarget "GoogleMap" */ = {
			isa = XCConfigurationList;
			buildConfigurations = (
				1F6AA40426931C9A00849C65 /* Debug */,
				1F6AA40526931C9A00849C65 /* Release */,
			);
			defaultConfigurationIsVisible = 0;
			defaultConfigurationName = Release;
		};
		1F6AA40626931C9A00849C65 /* Build configuration list for PBXNativeTarget "GoogleMapTests" */ = {
			isa = XCConfigurationList;
			buildConfigurations = (
				1F6AA40726931C9A00849C65 /* Debug */,
				1F6AA40826931C9A00849C65 /* Release */,
			);
			defaultConfigurationIsVisible = 0;
			defaultConfigurationName = Release;
		};
		1F6AA40926931C9A00849C65 /* Build configuration list for PBXNativeTarget "GoogleMapUITests" */ = {
			isa = XCConfigurationList;
			buildConfigurations = (
				1F6AA40A26931C9A00849C65 /* Debug */,
				1F6AA40B26931C9A00849C65 /* Release */,
			);
			defaultConfigurationIsVisible = 0;
			defaultConfigurationName = Release;
		};
/* End XCConfigurationList section */
	};
	rootObject = 1F6AA3D126931C9700849C65 /* Project object */;
}
